
Microsoft Visual Studio Solution File, Format Version 12.00
# Visual Studio Version 17
VisualStudioVersion = 17.9.34902.65
MinimumVisualStudioVersion = 10.0.40219.1
Project("{FAE04EC0-301F-11D3-BF4B-00C04F79EFBC}") = "itsparkTask", "itsparkTask\itsparkTask.csproj", "{0B59439B-43EB-45AC-975A-8F15E7300F5A}"
EndProject
Global
	GlobalSection(SolutionConfigurationPlatforms) = preSolution
		Debug|Any CPU = Debug|Any CPU
		Release|Any CPU = Release|Any CPU
	EndGlobalSection
	GlobalSection(ProjectConfigurationPlatforms) = postSolution
		{0B59439B-43EB-45AC-975A-8F15E7300F5A}.Debug|Any CPU.ActiveCfg = Debug|Any CPU
		{0B59439B-43EB-45AC-975A-8F15E7300F5A}.Debug|Any CPU.Build.0 = Debug|Any CPU
		{0B59439B-43EB-45AC-975A-8F15E7300F5A}.Release|Any CPU.ActiveCfg = Release|Any CPU
		{0B59439B-43EB-45AC-975A-8F15E7300F5A}.Release|Any CPU.Build.0 = Release|Any CPU
	EndGlobalSection
	GlobalSection(SolutionProperties) = preSolution
		HideSolutionNode = FALSE
	EndGlobalSection
	GlobalSection(ExtensibilityGlobals) = postSolution
		SolutionGuid = {F8F66E9B-BBFF-439A-8458-8182A905DBEA}
	EndGlobalSection
EndGlobal
